{
  "requires": true,
  "lockfileVersion": 1,
  "dependencies": {
    "jose": {
      "version": "4.8.1",
      "resolved": "https://registry.npmjs.org/jose/-/jose-4.8.1.tgz",
      "integrity": "sha512-+/hpTbRcCw9YC0TOfN1W47pej4a9lRmltdOVdRLz5FP5UvUq3CenhXjQK7u/8NdMIIShMXYAh9VLPhc7TjhvFw=="
    }
  }
}
